
Microsoft Visual Studio Solution File, Format Version 12.00
# Visual Studio Version 17
VisualStudioVersion = 17.12.35707.178
MinimumVisualStudioVersion = 10.0.40219.1
Project("{FAE04EC0-301F-11D3-BF4B-00C04F79EFBC}") = "Bakery.Data", "Bakery.Data\Bakery.Data.csproj", "{3940F2D4-D8C0-4E76-A566-A56D4788B881}"
EndProject
Project("{FAE04EC0-301F-11D3-BF4B-00C04F79EFBC}") = "Bakery.Logic", "Bakery.Logic\Bakery.Logic.csproj", "{A3408A3D-8E35-41EA-99F0-0FC2B9B4F059}"
EndProject
Project("{FAE04EC0-301F-11D3-BF4B-00C04F79EFBC}") = "Bakery.TestData", "Bakery.TestData\Bakery.TestData.csproj", "{A5008C77-DBE6-4F5D-BD73-F0D6EB2DF49B}"
EndProject
Project("{FAE04EC0-301F-11D3-BF4B-00C04F79EFBC}") = "Bakery.TestLogic", "Bakery.TestLogic\Bakery.TestLogic.csproj", "{3DAE6C91-A054-48E4-A4C8-6AECABED126C}"
EndProject
Project("{FAE04EC0-301F-11D3-BF4B-00C04F79EFBC}") = "Bakery.Presentation", "Bakery.Presentation\Bakery.Presentation.csproj", "{C224D2FA-1363-4C6D-B0E4-3CF90C9D636C}"
EndProject
Project("{FAE04EC0-301F-11D3-BF4B-00C04F79EFBC}") = "Bakery.Presentation.View", "Bakery.Presentation.View\Bakery.Presentation.View.csproj", "{FD421583-D3F6-441A-8BCC-1598E34D3AD0}"
EndProject
Global
	GlobalSection(SolutionConfigurationPlatforms) = preSolution
		Debug|Any CPU = Debug|Any CPU
		Release|Any CPU = Release|Any CPU
	EndGlobalSection
	GlobalSection(ProjectConfigurationPlatforms) = postSolution
		{3940F2D4-D8C0-4E76-A566-A56D4788B881}.Debug|Any CPU.ActiveCfg = Debug|Any CPU
		{3940F2D4-D8C0-4E76-A566-A56D4788B881}.Debug|Any CPU.Build.0 = Debug|Any CPU
		{3940F2D4-D8C0-4E76-A566-A56D4788B881}.Release|Any CPU.ActiveCfg = Release|Any CPU
		{3940F2D4-D8C0-4E76-A566-A56D4788B881}.Release|Any CPU.Build.0 = Release|Any CPU
		{A3408A3D-8E35-41EA-99F0-0FC2B9B4F059}.Debug|Any CPU.ActiveCfg = Debug|Any CPU
		{A3408A3D-8E35-41EA-99F0-0FC2B9B4F059}.Debug|Any CPU.Build.0 = Debug|Any CPU
		{A3408A3D-8E35-41EA-99F0-0FC2B9B4F059}.Release|Any CPU.ActiveCfg = Release|Any CPU
		{A3408A3D-8E35-41EA-99F0-0FC2B9B4F059}.Release|Any CPU.Build.0 = Release|Any CPU
		{A5008C77-DBE6-4F5D-BD73-F0D6EB2DF49B}.Debug|Any CPU.ActiveCfg = Debug|Any CPU
		{A5008C77-DBE6-4F5D-BD73-F0D6EB2DF49B}.Debug|Any CPU.Build.0 = Debug|Any CPU
		{A5008C77-DBE6-4F5D-BD73-F0D6EB2DF49B}.Release|Any CPU.ActiveCfg = Release|Any CPU
		{A5008C77-DBE6-4F5D-BD73-F0D6EB2DF49B}.Release|Any CPU.Build.0 = Release|Any CPU
		{3DAE6C91-A054-48E4-A4C8-6AECABED126C}.Debug|Any CPU.ActiveCfg = Debug|Any CPU
		{3DAE6C91-A054-48E4-A4C8-6AECABED126C}.Debug|Any CPU.Build.0 = Debug|Any CPU
		{3DAE6C91-A054-48E4-A4C8-6AECABED126C}.Release|Any CPU.ActiveCfg = Release|Any CPU
		{3DAE6C91-A054-48E4-A4C8-6AECABED126C}.Release|Any CPU.Build.0 = Release|Any CPU
		{C224D2FA-1363-4C6D-B0E4-3CF90C9D636C}.Debug|Any CPU.ActiveCfg = Debug|Any CPU
		{C224D2FA-1363-4C6D-B0E4-3CF90C9D636C}.Debug|Any CPU.Build.0 = Debug|Any CPU
		{C224D2FA-1363-4C6D-B0E4-3CF90C9D636C}.Release|Any CPU.ActiveCfg = Release|Any CPU
		{C224D2FA-1363-4C6D-B0E4-3CF90C9D636C}.Release|Any CPU.Build.0 = Release|Any CPU
		{FD421583-D3F6-441A-8BCC-1598E34D3AD0}.Debug|Any CPU.ActiveCfg = Debug|Any CPU
		{FD421583-D3F6-441A-8BCC-1598E34D3AD0}.Debug|Any CPU.Build.0 = Debug|Any CPU
		{FD421583-D3F6-441A-8BCC-1598E34D3AD0}.Release|Any CPU.ActiveCfg = Release|Any CPU
		{FD421583-D3F6-441A-8BCC-1598E34D3AD0}.Release|Any CPU.Build.0 = Release|Any CPU
	EndGlobalSection
	GlobalSection(SolutionProperties) = preSolution
		HideSolutionNode = FALSE
	EndGlobalSection
EndGlobal
